{
  "binary_ref": "project-sdk",
  "bundle_digest": "sha256:1c91fcc629f38663d0f7d3eaa185798bd7b56f66830b7d516227eb3a6dcdf20f",
  "bundle_manifest_digest": "sha256:2b82b87ef07bc31dcb77875f9d3f0405625f963709daed828b64f8eaa8965e95",
  "bundle_resources": {
    "contracts": [
      "contracts/sdk-bundle.manifest.json",
      "contracts/project.schema.json",
      "contracts/transitions/zone-transition.manifest.json",
      "contracts/lifecycle-state-machines.manifest.json",
      "contracts/records/record-graph.contract.json",
      "contracts/records/evidence-record.schema.json",
      "contracts/records/review-record.schema.json",
      "contracts/records/promotion-record.schema.json",
      "contracts/records/freeze-record.schema.json",
      "contracts/records/regression-report.schema.json"
    ],
    "docs": [
      "docs/design/appsdk-project-integration.md",
      "docs/architecture/appsdk-governance-architecture.md"
    ],
    "rules": [
      "skills/appsdk-project-governance/SKILL.md"
    ],
    "skills": [
      "skills/appsdk-project-governance/SKILL.md"
    ]
  },
  "compiler_digest": "sha256:ff1c5985fbe39c6e4f580f7e42ec5d811a8da4f6b1e3b35ef5c247ba928737bb",
  "contract_schema": 1,
  "digest": "sha256:ff1c5985fbe39c6e4f580f7e42ec5d811a8da4f6b1e3b35ef5c247ba928737bb",
  "sdk": "appsdk",
  "version": "0.1.0"
}
